
Microsoft Visual Studio Solution File, Format Version 12.00
# Visual Studio 15
VisualStudioVersion = 15.0.26730.16
MinimumVisualStudioVersion = 10.0.40219.1
Project("{FAE04EC0-301F-11D3-BF4B-00C04F79EFBC}") = "Quick Sort", "Quick Sort\Quick Sort.csproj", "{5B0AA084-78E1-42A9-9D3E-423171E00F00}"
EndProject
Global
	GlobalSection(SolutionConfigurationPlatforms) = preSolution
		Debug|Any CPU = Debug|Any CPU
		Release|Any CPU = Release|Any CPU
	EndGlobalSection
	GlobalSection(ProjectConfigurationPlatforms) = postSolution
		{5B0AA084-78E1-42A9-9D3E-423171E00F00}.Debug|Any CPU.ActiveCfg = Debug|Any CPU
		{5B0AA084-78E1-42A9-9D3E-423171E00F00}.Debug|Any CPU.Build.0 = Debug|Any CPU
		{5B0AA084-78E1-42A9-9D3E-423171E00F00}.Release|Any CPU.ActiveCfg = Release|Any CPU
		{5B0AA084-78E1-42A9-9D3E-423171E00F00}.Release|Any CPU.Build.0 = Release|Any CPU
	EndGlobalSection
	GlobalSection(SolutionProperties) = preSolution
		HideSolutionNode = FALSE
	EndGlobalSection
	GlobalSection(ExtensibilityGlobals) = postSolution
		SolutionGuid = {0FDB7BF0-0091-443D-9C05-BA0E54701BB7}
	EndGlobalSection
EndGlobal
